
Microsoft Visual Studio Solution File, Format Version 12.00
# Visual Studio Version 16
VisualStudioVersion = 16.0.28803.202
MinimumVisualStudioVersion = 10.0.40219.1
Project("{FAE04EC0-301F-11D3-BF4B-00C04F79EFBC}") = "HWCar", "HWCar.csproj", "{9DE13B7F-FAE4-47DE-97F4-FEE0AB22C091}"
EndProject
Project("{FAE04EC0-301F-11D3-BF4B-00C04F79EFBC}") = "HWTelephone", "..\HWTelephone\HWTelephone.csproj", "{1F285390-99BB-440B-B7C9-8E3AAA7CBC09}"
EndProject
Project("{FAE04EC0-301F-11D3-BF4B-00C04F79EFBC}") = "HWComputer", "..\HWComputer\HWComputer.csproj", "{56B9C18F-59C0-4BE2-846D-3EFC8169FEBB}"
EndProject
Global
	GlobalSection(SolutionConfigurationPlatforms) = preSolution
		Debug|Any CPU = Debug|Any CPU
		Release|Any CPU = Release|Any CPU
	EndGlobalSection
	GlobalSection(ProjectConfigurationPlatforms) = postSolution
		{9DE13B7F-FAE4-47DE-97F4-FEE0AB22C091}.Debug|Any CPU.ActiveCfg = Debug|Any CPU
		{9DE13B7F-FAE4-47DE-97F4-FEE0AB22C091}.Debug|Any CPU.Build.0 = Debug|Any CPU
		{9DE13B7F-FAE4-47DE-97F4-FEE0AB22C091}.Release|Any CPU.ActiveCfg = Release|Any CPU
		{9DE13B7F-FAE4-47DE-97F4-FEE0AB22C091}.Release|Any CPU.Build.0 = Release|Any CPU
		{1F285390-99BB-440B-B7C9-8E3AAA7CBC09}.Debug|Any CPU.ActiveCfg = Debug|Any CPU
		{1F285390-99BB-440B-B7C9-8E3AAA7CBC09}.Debug|Any CPU.Build.0 = Debug|Any CPU
		{1F285390-99BB-440B-B7C9-8E3AAA7CBC09}.Release|Any CPU.ActiveCfg = Release|Any CPU
		{1F285390-99BB-440B-B7C9-8E3AAA7CBC09}.Release|Any CPU.Build.0 = Release|Any CPU
		{56B9C18F-59C0-4BE2-846D-3EFC8169FEBB}.Debug|Any CPU.ActiveCfg = Debug|Any CPU
		{56B9C18F-59C0-4BE2-846D-3EFC8169FEBB}.Debug|Any CPU.Build.0 = Debug|Any CPU
		{56B9C18F-59C0-4BE2-846D-3EFC8169FEBB}.Release|Any CPU.ActiveCfg = Release|Any CPU
		{56B9C18F-59C0-4BE2-846D-3EFC8169FEBB}.Release|Any CPU.Build.0 = Release|Any CPU
	EndGlobalSection
	GlobalSection(SolutionProperties) = preSolution
		HideSolutionNode = FALSE
	EndGlobalSection
	GlobalSection(ExtensibilityGlobals) = postSolution
		SolutionGuid = {53117A29-79AC-4CEA-8DA5-2B0666930020}
	EndGlobalSection
EndGlobal
